{
  "name": "mine-dg-scripted-extensions-environment",
  "lockfileVersion": 3,
  "requires": true,
  "packages": {
    "": {
      "dependencies": {
        "@craftjs-typings/java.base": "^17.0.5-f2f0245"
      }
    },
    "node_modules/@craftjs-typings/java.base": {
      "version": "17.0.5-f2f0245",
      "resolved": "https://registry.npmjs.org/@craftjs-typings/java.base/-/java.base-17.0.5-f2f0245.tgz",
      "integrity": "sha512-HOFpy695oF5kSob+3e+cD+5UJ4al9YaOGz2VNrYDCqVNCk4aD+qcijNPU8KOEDJuIeq4YuyffR7n3Y87xTD4pw=="
    }
  }
}
